// !$*UTF8*$!
{
	archiveVersion = 1;
	classes = {
	};
	objectVersion = 50;
	objects = {

/* Begin PBXBuildFile section */
		0430E928252BBC1100CA3FAF /* RecreateMin.swift in Sources */ = {isa = PBXBuildFile; fileRef = 0430E927252BBC1100CA3FAF /* RecreateMin.swift */; };
		0430E95D252D107100CA3FAF /* Quicksort.swift in Sources */ = {isa = PBXBuildFile; fileRef = 0430E95C252D107100CA3FAF /* Quicksort.swift */; };
		0430E960252E09FC00CA3FAF /* IsomorphicValues.swift in Sources */ = {isa = PBXBuildFile; fileRef = 0430E95F252E09FC00CA3FAF /* IsomorphicValues.swift */; };
		047D5F6125222B050027721C /* SubarrayProductLessThanK.swift in Sources */ = {isa = PBXBuildFile; fileRef = 047D5F6025222B050027721C /* SubarrayProductLessThanK.swift */; };
		0480C93424E1841B0073EA95 /* ExcelColumns.swift in Sources */ = {isa = PBXBuildFile; fileRef = 0480C93324E1841B0073EA95 /* ExcelColumns.swift */; };
		0489D551252F833000F42C24 /* NumberNotDuplicated.swift in Sources */ = {isa = PBXBuildFile; fileRef = 0489D550252F833000F42C24 /* NumberNotDuplicated.swift */; };
		0491551E24D9A8DF000F7B97 /* main.swift in Sources */ = {isa = PBXBuildFile; fileRef = 0491551D24D9A8DF000F7B97 /* main.swift */; };
		0491553D24D9AA8B000F7B97 /* Palindrome.swift in Sources */ = {isa = PBXBuildFile; fileRef = 0491553C24D9AA8B000F7B97 /* Palindrome.swift */; };
		0491554124D9AED9000F7B97 /* PowerOfFour.swift in Sources */ = {isa = PBXBuildFile; fileRef = 0491554024D9AED9000F7B97 /* PowerOfFour.swift */; };
		0491554324DADD7C000F7B97 /* WordDictionary.swift in Sources */ = {isa = PBXBuildFile; fileRef = 0491554224DADD7C000F7B97 /* WordDictionary.swift */; };
		0491554524DC6FF4000F7B97 /* FindDuplicatesInArray.swift in Sources */ = {isa = PBXBuildFile; fileRef = 0491554424DC6FF4000F7B97 /* FindDuplicatesInArray.swift */; };
		0491554724DD0761000F7B97 /* FizzBuzz.swift in Sources */ = {isa = PBXBuildFile; fileRef = 0491554624DD0761000F7B97 /* FizzBuzz.swift */; };
		04C1A58D25236BB200793ABD /* PrintLastLines.swift in Sources */ = {isa = PBXBuildFile; fileRef = 04C1A58C25236BB200793ABD /* PrintLastLines.swift */; };
		04C1A58F25236C3600793ABD /* PrintLastLines.txt in Resources */ = {isa = PBXBuildFile; fileRef = 04C1A58E25236C3600793ABD /* PrintLastLines.txt */; };
		04D6D72E24EAB21B0003A585 /* DistributeCandies.swift in Sources */ = {isa = PBXBuildFile; fileRef = 04D6D72D24EAB21A0003A585 /* DistributeCandies.swift */; };
		04DD8FA925253356006027AF /* ReverseInteger.swift in Sources */ = {isa = PBXBuildFile; fileRef = 04DD8FA825253356006027AF /* ReverseInteger.swift */; };
		04DD8FAB252592A0006027AF /* ContainerWithMostWater.swift in Sources */ = {isa = PBXBuildFile; fileRef = 04DD8FAA252592A0006027AF /* ContainerWithMostWater.swift */; };
		04DD8FB025277F3F006027AF /* MissingNumbersInArray.swift in Sources */ = {isa = PBXBuildFile; fileRef = 04DD8FAF25277F3F006027AF /* MissingNumbersInArray.swift */; };
		04FEE1BA24E4E51A00F51D69 /* Pangram.swift in Sources */ = {isa = PBXBuildFile; fileRef = 04FEE1B924E4E51A00F51D69 /* Pangram.swift */; };
/* End PBXBuildFile section */

/* Begin PBXCopyFilesBuildPhase section */
		0491551824D9A8DF000F7B97 /* CopyFiles */ = {
			isa = PBXCopyFilesBuildPhase;
			buildActionMask = 2147483647;
			dstPath = /usr/share/man/man1/;
			dstSubfolderSpec = 0;
			files = (
			);
			runOnlyForDeploymentPostprocessing = 1;
		};
/* End PBXCopyFilesBuildPhase section */

/* Begin PBXFileReference section */
		0430E927252BBC1100CA3FAF /* RecreateMin.swift */ = {isa = PBXFileReference; lastKnownFileType = sourcecode.swift; path = RecreateMin.swift; sourceTree = SOURCE_ROOT; };
		0430E95C252D107100CA3FAF /* Quicksort.swift */ = {isa = PBXFileReference; lastKnownFileType = sourcecode.swift; path = Quicksort.swift; sourceTree = "<group>"; };
		0430E95F252E09FC00CA3FAF /* IsomorphicValues.swift */ = {isa = PBXFileReference; lastKnownFileType = sourcecode.swift; path = IsomorphicValues.swift; sourceTree = "<group>"; };
		047D5F6025222B050027721C /* SubarrayProductLessThanK.swift */ = {isa = PBXFileReference; lastKnownFileType = sourcecode.swift; path = SubarrayProductLessThanK.swift; sourceTree = "<group>"; };
		0480C93324E1841B0073EA95 /* ExcelColumns.swift */ = {isa = PBXFileReference; lastKnownFileType = sourcecode.swift; path = ExcelColumns.swift; sourceTree = "<group>"; };
		0489D550252F833000F42C24 /* NumberNotDuplicated.swift */ = {isa = PBXFileReference; lastKnownFileType = sourcecode.swift; path = NumberNotDuplicated.swift; sourceTree = "<group>"; };
		0491551A24D9A8DF000F7B97 /* CodeChallenges */ = {isa = PBXFileReference; explicitFileType = "compiled.mach-o.executable"; includeInIndex = 0; path = CodeChallenges; sourceTree = BUILT_PRODUCTS_DIR; };
		0491551D24D9A8DF000F7B97 /* main.swift */ = {isa = PBXFileReference; lastKnownFileType = sourcecode.swift; path = main.swift; sourceTree = "<group>"; };
		0491553424D9AA0B000F7B97 /* CodeChallengesTests.xctest */ = {isa = PBXFileReference; explicitFileType = wrapper.cfbundle; includeInIndex = 0; path = CodeChallengesTests.xctest; sourceTree = BUILT_PRODUCTS_DIR; };
		0491553824D9AA0C000F7B97 /* Info.plist */ = {isa = PBXFileReference; lastKnownFileType = text.plist.xml; path = Info.plist; sourceTree = "<group>"; };
		0491553C24D9AA8B000F7B97 /* Palindrome.swift */ = {isa = PBXFileReference; lastKnownFileType = sourcecode.swift; path = Palindrome.swift; sourceTree = "<group>"; };
		0491554024D9AED9000F7B97 /* PowerOfFour.swift */ = {isa = PBXFileReference; lastKnownFileType = sourcecode.swift; path = PowerOfFour.swift; sourceTree = "<group>"; };
		0491554224DADD7C000F7B97 /* WordDictionary.swift */ = {isa = PBXFileReference; lastKnownFileType = sourcecode.swift; path = WordDictionary.swift; sourceTree = "<group>"; };
		0491554424DC6FF4000F7B97 /* FindDuplicatesInArray.swift */ = {isa = PBXFileReference; lastKnownFileType = sourcecode.swift; path = FindDuplicatesInArray.swift; sourceTree = "<group>"; };
		0491554624DD0761000F7B97 /* FizzBuzz.swift */ = {isa = PBXFileReference; lastKnownFileType = sourcecode.swift; path = FizzBuzz.swift; sourceTree = "<group>"; };
		04C1A58C25236BB200793ABD /* PrintLastLines.swift */ = {isa = PBXFileReference; lastKnownFileType = sourcecode.swift; path = PrintLastLines.swift; sourceTree = "<group>"; };
		04C1A58E25236C3600793ABD /* PrintLastLines.txt */ = {isa = PBXFileReference; lastKnownFileType = text; path = PrintLastLines.txt; sourceTree = "<group>"; };
		04D6D72D24EAB21A0003A585 /* DistributeCandies.swift */ = {isa = PBXFileReference; lastKnownFileType = sourcecode.swift; path = DistributeCandies.swift; sourceTree = "<group>"; };
		04DD8FA825253356006027AF /* ReverseInteger.swift */ = {isa = PBXFileReference; lastKnownFileType = sourcecode.swift; path = ReverseInteger.swift; sourceTree = "<group>"; };
		04DD8FAA252592A0006027AF /* ContainerWithMostWater.swift */ = {isa = PBXFileReference; lastKnownFileType = sourcecode.swift; path = ContainerWithMostWater.swift; sourceTree = "<group>"; };
		04DD8FAF25277F3F006027AF /* MissingNumbersInArray.swift */ = {isa = PBXFileReference; lastKnownFileType = sourcecode.swift; path = MissingNumbersInArray.swift; sourceTree = "<group>"; };
		04FEE1B924E4E51A00F51D69 /* Pangram.swift */ = {isa = PBXFileReference; lastKnownFileType = sourcecode.swift; name = Pangram.swift; path = CodeChallengesTests/Pangram.swift; sourceTree = SOURCE_ROOT; };
/* End PBXFileReference section */

/* Begin PBXFrameworksBuildPhase section */
		0491551724D9A8DF000F7B97 /* Frameworks */ = {
			isa = PBXFrameworksBuildPhase;
			buildActionMask = 2147483647;
			files = (
			);
			runOnlyForDeploymentPostprocessing = 0;
		};
		0491553124D9AA0B000F7B97 /* Frameworks */ = {
			isa = PBXFrameworksBuildPhase;
			buildActionMask = 2147483647;
			files = (
			);
			runOnlyForDeploymentPostprocessing = 0;
		};
/* End PBXFrameworksBuildPhase section */

/* Begin PBXGroup section */
		0491551124D9A8DF000F7B97 = {
			isa = PBXGroup;
			children = (
				0491551C24D9A8DF000F7B97 /* CodeChallenges */,
				0491553524D9AA0B000F7B97 /* CodeChallengesTests */,
				0491551B24D9A8DF000F7B97 /* Products */,
			);
			sourceTree = "<group>";
		};
		0491551B24D9A8DF000F7B97 /* Products */ = {
			isa = PBXGroup;
			children = (
				0491551A24D9A8DF000F7B97 /* CodeChallenges */,
				0491553424D9AA0B000F7B97 /* CodeChallengesTests.xctest */,
			);
			name = Products;
			sourceTree = "<group>";
		};
		0491551C24D9A8DF000F7B97 /* CodeChallenges */ = {
			isa = PBXGroup;
			children = (
				0491551D24D9A8DF000F7B97 /* main.swift */,
			);
			path = CodeChallenges;
			sourceTree = "<group>";
		};
		0491553524D9AA0B000F7B97 /* CodeChallengesTests */ = {
			isa = PBXGroup;
			children = (
				0489D550252F833000F42C24 /* NumberNotDuplicated.swift */,
				0430E95C252D107100CA3FAF /* Quicksort.swift */,
				0430E927252BBC1100CA3FAF /* RecreateMin.swift */,
				0491553824D9AA0C000F7B97 /* Info.plist */,
				04FEE1B924E4E51A00F51D69 /* Pangram.swift */,
				0491553C24D9AA8B000F7B97 /* Palindrome.swift */,
				0491554024D9AED9000F7B97 /* PowerOfFour.swift */,
				04C1A58C25236BB200793ABD /* PrintLastLines.swift */,
				04C1A58E25236C3600793ABD /* PrintLastLines.txt */,
				0491554224DADD7C000F7B97 /* WordDictionary.swift */,
				0491554624DD0761000F7B97 /* FizzBuzz.swift */,
				04D6D72D24EAB21A0003A585 /* DistributeCandies.swift */,
				0480C93324E1841B0073EA95 /* ExcelColumns.swift */,
				0491554424DC6FF4000F7B97 /* FindDuplicatesInArray.swift */,
				047D5F6025222B050027721C /* SubarrayProductLessThanK.swift */,
				04DD8FAA252592A0006027AF /* ContainerWithMostWater.swift */,
				04DD8FAF25277F3F006027AF /* MissingNumbersInArray.swift */,
				04DD8FA825253356006027AF /* ReverseInteger.swift */,
				0430E95F252E09FC00CA3FAF /* IsomorphicValues.swift */,
			);
			path = CodeChallengesTests;
			sourceTree = "<group>";
		};
/* End PBXGroup section */

/* Begin PBXNativeTarget section */
		0491551924D9A8DF000F7B97 /* CodeChallenges */ = {
			isa = PBXNativeTarget;
			buildConfigurationList = 0491552124D9A8DF000F7B97 /* Build configuration list for PBXNativeTarget "CodeChallenges" */;
			buildPhases = (
				0491551624D9A8DF000F7B97 /* Sources */,
				0491551724D9A8DF000F7B97 /* Frameworks */,
				0491551824D9A8DF000F7B97 /* CopyFiles */,
			);
			buildRules = (
			);
			dependencies = (
			);
			name = CodeChallenges;
			productName = CodeChallenges;
			productReference = 0491551A24D9A8DF000F7B97 /* CodeChallenges */;
			productType = "com.apple.product-type.tool";
		};
		0491553324D9AA0B000F7B97 /* CodeChallengesTests */ = {
			isa = PBXNativeTarget;
			buildConfigurationList = 0491553924D9AA0C000F7B97 /* Build configuration list for PBXNativeTarget "CodeChallengesTests" */;
			buildPhases = (
				0491553024D9AA0B000F7B97 /* Sources */,
				0491553124D9AA0B000F7B97 /* Frameworks */,
				0491553224D9AA0B000F7B97 /* Resources */,
			);
			buildRules = (
			);
			dependencies = (
			);
			name = CodeChallengesTests;
			productName = CodeChallengesTests;
			productReference = 0491553424D9AA0B000F7B97 /* CodeChallengesTests.xctest */;
			productType = "com.apple.product-type.bundle.unit-test";
		};
/* End PBXNativeTarget section */

/* Begin PBXProject section */
		0491551224D9A8DF000F7B97 /* Project object */ = {
			isa = PBXProject;
			attributes = {
				LastSwiftUpdateCheck = 1140;
				LastUpgradeCheck = 1140;
				ORGANIZATIONNAME = "Swift Student";
				TargetAttributes = {
					0491551924D9A8DF000F7B97 = {
						CreatedOnToolsVersion = 11.4.1;
					};
					0491553324D9AA0B000F7B97 = {
						CreatedOnToolsVersion = 11.4.1;
						LastSwiftMigration = 1140;
					};
				};
			};
			buildConfigurationList = 0491551524D9A8DF000F7B97 /* Build configuration list for PBXProject "CodeChallenges" */;
			compatibilityVersion = "Xcode 9.3";
			developmentRegion = en;
			hasScannedForEncodings = 0;
			knownRegions = (
				en,
				Base,
			);
			mainGroup = 0491551124D9A8DF000F7B97;
			productRefGroup = 0491551B24D9A8DF000F7B97 /* Products */;
			projectDirPath = "";
			projectRoot = "";
			targets = (
				0491551924D9A8DF000F7B97 /* CodeChallenges */,
				0491553324D9AA0B000F7B97 /* CodeChallengesTests */,
			);
		};
/* End PBXProject section */

/* Begin PBXResourcesBuildPhase section */
		0491553224D9AA0B000F7B97 /* Resources */ = {
			isa = PBXResourcesBuildPhase;
			buildActionMask = 2147483647;
			files = (
				04C1A58F25236C3600793ABD /* PrintLastLines.txt in Resources */,
			);
			runOnlyForDeploymentPostprocessing = 0;
		};
/* End PBXResourcesBuildPhase section */

/* Begin PBXSourcesBuildPhase section */
		0491551624D9A8DF000F7B97 /* Sources */ = {
			isa = PBXSourcesBuildPhase;
			buildActionMask = 2147483647;
			files = (
				0491551E24D9A8DF000F7B97 /* main.swift in Sources */,
			);
			runOnlyForDeploymentPostprocessing = 0;
		};
		0491553024D9AA0B000F7B97 /* Sources */ = {
			isa = PBXSourcesBuildPhase;
			buildActionMask = 2147483647;
			files = (
				04DD8FAB252592A0006027AF /* ContainerWithMostWater.swift in Sources */,
				04D6D72E24EAB21B0003A585 /* DistributeCandies.swift in Sources */,
				0489D551252F833000F42C24 /* NumberNotDuplicated.swift in Sources */,
				0480C93424E1841B0073EA95 /* ExcelColumns.swift in Sources */,
				0491554724DD0761000F7B97 /* FizzBuzz.swift in Sources */,
				04DD8FB025277F3F006027AF /* MissingNumbersInArray.swift in Sources */,
				04FEE1BA24E4E51A00F51D69 /* Pangram.swift in Sources */,
				047D5F6125222B050027721C /* SubarrayProductLessThanK.swift in Sources */,
				04DD8FA925253356006027AF /* ReverseInteger.swift in Sources */,
				0491554124D9AED9000F7B97 /* PowerOfFour.swift in Sources */,
				0430E928252BBC1100CA3FAF /* RecreateMin.swift in Sources */,
				0491554324DADD7C000F7B97 /* WordDictionary.swift in Sources */,
				04C1A58D25236BB200793ABD /* PrintLastLines.swift in Sources */,
				0491553D24D9AA8B000F7B97 /* Palindrome.swift in Sources */,
				0430E95D252D107100CA3FAF /* Quicksort.swift in Sources */,
				0430E960252E09FC00CA3FAF /* IsomorphicValues.swift in Sources */,
				0491554524DC6FF4000F7B97 /* FindDuplicatesInArray.swift in Sources */,
			);
			runOnlyForDeploymentPostprocessing = 0;
		};
/* End PBXSourcesBuildPhase section */

/* Begin XCBuildConfiguration section */
		0491551F24D9A8DF000F7B97 /* Debug */ = {
			isa = XCBuildConfiguration;
			buildSettings = {
				ALWAYS_SEARCH_USER_PATHS = NO;
				CLANG_ANALYZER_NONNULL = YES;
				CLANG_ANALYZER_NUMBER_OBJECT_CONVERSION = YES_AGGRESSIVE;
				CLANG_CXX_LANGUAGE_STANDARD = "gnu++14";
				CLANG_CXX_LIBRARY = "libc++";
				CLANG_ENABLE_MODULES = YES;
				CLANG_ENABLE_OBJC_ARC = YES;
				CLANG_ENABLE_OBJC_WEAK = YES;
				CLANG_WARN_BLOCK_CAPTURE_AUTORELEASING = YES;
				CLANG_WARN_BOOL_CONVERSION = YES;
				CLANG_WARN_COMMA = YES;
				CLANG_WARN_CONSTANT_CONVERSION = YES;
				CLANG_WARN_DEPRECATED_OBJC_IMPLEMENTATIONS = YES;
				CLANG_WARN_DIRECT_OBJC_ISA_USAGE = YES_ERROR;
				CLANG_WARN_DOCUMENTATION_COMMENTS = YES;
				CLANG_WARN_EMPTY_BODY = YES;
				CLANG_WARN_ENUM_CONVERSION = YES;
				CLANG_WARN_INFINITE_RECURSION = YES;
				CLANG_WARN_INT_CONVERSION = YES;
				CLANG_WARN_NON_LITERAL_NULL_CONVERSION = YES;
				CLANG_WARN_OBJC_IMPLICIT_RETAIN_SELF = YES;
				CLANG_WARN_OBJC_LITERAL_CONVERSION = YES;
				CLANG_WARN_OBJC_ROOT_CLASS = YES_ERROR;
				CLANG_WARN_RANGE_LOOP_ANALYSIS = YES;
				CLANG_WARN_STRICT_PROTOTYPES = YES;
				CLANG_WARN_SUSPICIOUS_MOVE = YES;
				CLANG_WARN_UNGUARDED_AVAILABILITY = YES_AGGRESSIVE;
				CLANG_WARN_UNREACHABLE_CODE = YES;
				CLANG_WARN__DUPLICATE_METHOD_MATCH = YES;
				COPY_PHASE_STRIP = NO;
				DEBUG_INFORMATION_FORMAT = dwarf;
				ENABLE_STRICT_OBJC_MSGSEND = YES;
				ENABLE_TESTABILITY = YES;
				GCC_C_LANGUAGE_STANDARD = gnu11;
				GCC_DYNAMIC_NO_PIC = NO;
				GCC_NO_COMMON_BLOCKS = YES;
				GCC_OPTIMIZATION_LEVEL = 0;
				GCC_PREPROCESSOR_DEFINITIONS = (
					"DEBUG=1",
					"$(inherited)",
				);
				GCC_WARN_64_TO_32_BIT_CONVERSION = YES;
				GCC_WARN_ABOUT_RETURN_TYPE = YES_ERROR;
				GCC_WARN_UNDECLARED_SELECTOR = YES;
				GCC_WARN_UNINITIALIZED_AUTOS = YES_AGGRESSIVE;
				GCC_WARN_UNUSED_FUNCTION = YES;
				GCC_WARN_UNUSED_VARIABLE = YES;
				MACOSX_DEPLOYMENT_TARGET = 10.15;
				MTL_ENABLE_DEBUG_INFO = INCLUDE_SOURCE;
				MTL_FAST_MATH = YES;
				ONLY_ACTIVE_ARCH = YES;
				SDKROOT = macosx;
				SWIFT_ACTIVE_COMPILATION_CONDITIONS = DEBUG;
				SWIFT_OPTIMIZATION_LEVEL = "-Onone";
			};
			name = Debug;
		};
		0491552024D9A8DF000F7B97 /* Release */ = {
			isa = XCBuildConfiguration;
			buildSettings = {
				ALWAYS_SEARCH_USER_PATHS = NO;
				CLANG_ANALYZER_NONNULL = YES;
				CLANG_ANALYZER_NUMBER_OBJECT_CONVERSION = YES_AGGRESSIVE;
				CLANG_CXX_LANGUAGE_STANDARD = "gnu++14";
				CLANG_CXX_LIBRARY = "libc++";
				CLANG_ENABLE_MODULES = YES;
				CLANG_ENABLE_OBJC_ARC = YES;
				CLANG_ENABLE_OBJC_WEAK = YES;
				CLANG_WARN_BLOCK_CAPTURE_AUTORELEASING = YES;
				CLANG_WARN_BOOL_CONVERSION = YES;
				CLANG_WARN_COMMA = YES;
				CLANG_WARN_CONSTANT_CONVERSION = YES;
				CLANG_WARN_DEPRECATED_OBJC_IMPLEMENTATIONS = YES;
				CLANG_WARN_DIRECT_OBJC_ISA_USAGE = YES_ERROR;
				CLANG_WARN_DOCUMENTATION_COMMENTS = YES;
				CLANG_WARN_EMPTY_BODY = YES;
				CLANG_WARN_ENUM_CONVERSION = YES;
				CLANG_WARN_INFINITE_RECURSION = YES;
				CLANG_WARN_INT_CONVERSION = YES;
				CLANG_WARN_NON_LITERAL_NULL_CONVERSION = YES;
				CLANG_WARN_OBJC_IMPLICIT_RETAIN_SELF = YES;
				CLANG_WARN_OBJC_LITERAL_CONVERSION = YES;
				CLANG_WARN_OBJC_ROOT_CLASS = YES_ERROR;
				CLANG_WARN_RANGE_LOOP_ANALYSIS = YES;
				CLANG_WARN_STRICT_PROTOTYPES = YES;
				CLANG_WARN_SUSPICIOUS_MOVE = YES;
				CLANG_WARN_UNGUARDED_AVAILABILITY = YES_AGGRESSIVE;
				CLANG_WARN_UNREACHABLE_CODE = YES;
				CLANG_WARN__DUPLICATE_METHOD_MATCH = YES;
				COPY_PHASE_STRIP = NO;
				DEBUG_INFORMATION_FORMAT = "dwarf-with-dsym";
				ENABLE_NS_ASSERTIONS = NO;
				ENABLE_STRICT_OBJC_MSGSEND = YES;
				GCC_C_LANGUAGE_STANDARD = gnu11;
				GCC_NO_COMMON_BLOCKS = YES;
				GCC_WARN_64_TO_32_BIT_CONVERSION = YES;
				GCC_WARN_ABOUT_RETURN_TYPE = YES_ERROR;
				GCC_WARN_UNDECLARED_SELECTOR = YES;
				GCC_WARN_UNINITIALIZED_AUTOS = YES_AGGRESSIVE;
				GCC_WARN_UNUSED_FUNCTION = YES;
				GCC_WARN_UNUSED_VARIABLE = YES;
				MACOSX_DEPLOYMENT_TARGET = 10.15;
				MTL_ENABLE_DEBUG_INFO = NO;
				MTL_FAST_MATH = YES;
				SDKROOT = macosx;
				SWIFT_COMPILATION_MODE = wholemodule;
				SWIFT_OPTIMIZATION_LEVEL = "-O";
			};
			name = Release;
		};
		0491552224D9A8DF000F7B97 /* Debug */ = {
			isa = XCBuildConfiguration;
			buildSettings = {
				CODE_SIGN_STYLE = Automatic;
				DEVELOPMENT_TEAM = 94ZMA2MYR4;
				ENABLE_HARDENED_RUNTIME = YES;
				PRODUCT_NAME = "$(TARGET_NAME)";
				SWIFT_VERSION = 5.0;
			};
			name = Debug;
		};
		0491552324D9A8DF000F7B97 /* Release */ = {
			isa = XCBuildConfiguration;
			buildSettings = {
				CODE_SIGN_STYLE = Automatic;
				DEVELOPMENT_TEAM = 94ZMA2MYR4;
				ENABLE_HARDENED_RUNTIME = YES;
				PRODUCT_NAME = "$(TARGET_NAME)";
				SWIFT_VERSION = 5.0;
			};
			name = Release;
		};
		0491553A24D9AA0C000F7B97 /* Debug */ = {
			isa = XCBuildConfiguration;
			buildSettings = {
				CLANG_ENABLE_MODULES = YES;
				CODE_SIGN_STYLE = Automatic;
				COMBINE_HIDPI_IMAGES = YES;
				DEVELOPMENT_TEAM = 94ZMA2MYR4;
				INFOPLIST_FILE = CodeChallengesTests/Info.plist;
				LD_RUNPATH_SEARCH_PATHS = (
					"$(inherited)",
					"@executable_path/../Frameworks",
					"@loader_path/../Frameworks",
				);
				PRODUCT_BUNDLE_IDENTIFIER = com.swiftstudent.CodeChallengesTests;
				PRODUCT_NAME = "$(TARGET_NAME)";
				SWIFT_OPTIMIZATION_LEVEL = "-Onone";
				SWIFT_VERSION = 5.0;
			};
			name = Debug;
		};
		0491553B24D9AA0C000F7B97 /* Release */ = {
			isa = XCBuildConfiguration;
			buildSettings = {
				CLANG_ENABLE_MODULES = YES;
				CODE_SIGN_STYLE = Automatic;
				COMBINE_HIDPI_IMAGES = YES;
				DEVELOPMENT_TEAM = 94ZMA2MYR4;
				INFOPLIST_FILE = CodeChallengesTests/Info.plist;
				LD_RUNPATH_SEARCH_PATHS = (
					"$(inherited)",
					"@executable_path/../Frameworks",
					"@loader_path/../Frameworks",
				);
				PRODUCT_BUNDLE_IDENTIFIER = com.swiftstudent.CodeChallengesTests;
				PRODUCT_NAME = "$(TARGET_NAME)";
				SWIFT_VERSION = 5.0;
			};
			name = Release;
		};
/* End XCBuildConfiguration section */

/* Begin XCConfigurationList section */
		0491551524D9A8DF000F7B97 /* Build configuration list for PBXProject "CodeChallenges" */ = {
			isa = XCConfigurationList;
			buildConfigurations = (
				0491551F24D9A8DF000F7B97 /* Debug */,
				0491552024D9A8DF000F7B97 /* Release */,
			);
			defaultConfigurationIsVisible = 0;
			defaultConfigurationName = Release;
		};
		0491552124D9A8DF000F7B97 /* Build configuration list for PBXNativeTarget "CodeChallenges" */ = {
			isa = XCConfigurationList;
			buildConfigurations = (
				0491552224D9A8DF000F7B97 /* Debug */,
				0491552324D9A8DF000F7B97 /* Release */,
			);
			defaultConfigurationIsVisible = 0;
			defaultConfigurationName = Release;
		};
		0491553924D9AA0C000F7B97 /* Build configuration list for PBXNativeTarget "CodeChallengesTests" */ = {
			isa = XCConfigurationList;
			buildConfigurations = (
				0491553A24D9AA0C000F7B97 /* Debug */,
				0491553B24D9AA0C000F7B97 /* Release */,
			);
			defaultConfigurationIsVisible = 0;
			defaultConfigurationName = Release;
		};
/* End XCConfigurationList section */
	};
	rootObject = 0491551224D9A8DF000F7B97 /* Project object */;
}
